<?xml version="1.0" encoding="utf-8"?>
<Project ToolsVersion="4.0" xmlns="http://schemas.microsoft.com/developer/msbuild/2003">
  <ItemGroup>
    <Filter Include="源文件">
      <UniqueIdentifier>{4FC737F1-C7A5-4376-A066-2A32D752A2FF}</UniqueIdentifier>
      <Extensions>cpp;c;cc;cxx;c++;cppm;ixx;def;odl;idl;hpj;bat;asm;asmx</Extensions>
    </Filter>
    <Filter Include="头文件">
      <UniqueIdentifier>{93995380-89BD-4b04-88EB-625FBE52EBFB}</UniqueIdentifier>
      <Extensions>h;hh;hpp;hxx;h++;hm;inl;inc;ipp;xsd</Extensions>
    </Filter>
    <Filter Include="资源文件">
      <UniqueIdentifier>{67DA6AB6-F800-4c08-8B7A-83BB121AAD01}</UniqueIdentifier>
      <Extensions>rc;ico;cur;bmp;dlg;rc2;rct;bin;rgs;gif;jpg;jpeg;jpe;resx;tiff;tif;png;wav;mfcribbon-ms</Extensions>
    </Filter>
    <Filter Include="资源文件\着色器">
      <UniqueIdentifier>{837ec0b2-dc56-40b1-a63b-2e3c862eb83a}</UniqueIdentifier>
    </Filter>
    <Filter Include="资源文件\模型数据">
      <UniqueIdentifier>{bdc4b5d9-2076-4248-bfa3-92a49ac91aae}</UniqueIdentifier>
    </Filter>
  </ItemGroup>
  <ItemGroup>
    <ClCompile Include="main.cpp">
      <Filter>源文件</Filter>
    </ClCompile>
    <ClCompile Include="stb_image.cpp">
      <Filter>源文件</Filter>
    </ClCompile>
    <ClCompile Include="glad.c">
      <Filter>源文件</Filter>
    </ClCompile>
  </ItemGroup>
  <ItemGroup>
    <ClInclude Include="head\camera.h">
      <Filter>头文件</Filter>
    </ClInclude>
    <ClInclude Include="head\mesh.h">
      <Filter>头文件</Filter>
    </ClInclude>
    <ClInclude Include="head\model.h">
      <Filter>头文件</Filter>
    </ClInclude>
    <ClInclude Include="head\shader.h">
      <Filter>头文件</Filter>
    </ClInclude>
    <ClInclude Include="head\stb_image.h">
      <Filter>头文件</Filter>
    </ClInclude>
  </ItemGroup>
  <ItemGroup>
    <None Include="shader\light_cube\light_cube.fs">
      <Filter>资源文件\着色器</Filter>
    </None>
    <None Include="shader\light_cube\light_cube.vs">
      <Filter>资源文件\着色器</Filter>
    </None>
    <None Include="shader\model_loading\model_loading.fs">
      <Filter>资源文件\着色器</Filter>
    </None>
    <None Include="shader\model_loading\model_loading.vs">
      <Filter>资源文件\着色器</Filter>
    </None>
    <None Include="model\bunny_iH.ply">
      <Filter>资源文件\模型数据</Filter>
    </None>
    <None Include="shader\pick_point\pickpioint.fs">
      <Filter>资源文件\着色器</Filter>
    </None>
    <None Include="shader\pick_point\pickpoint.vs">
      <Filter>资源文件\着色器</Filter>
    </None>
    <None Include="assimp-vc143-mtd.dll">
      <Filter>资源文件</Filter>
    </None>
  </ItemGroup>
</Project>